// !$*UTF8*$!
{
	archiveVersion = 1;
	classes = {
	};
	objectVersion = 56;
	objects = {

/* Begin PBXBuildFile section */
		1E6C4B202EE01BD200E33215 /* CSVImportView.swift in Sources */ = {isa = PBXBuildFile; fileRef = 1E6C4B1F2EE01BD200E33215 /* CSVImportView.swift */; };
		A1000001296A0001 /* PumpTallyApp.swift in Sources */ = {isa = PBXBuildFile; fileRef = A1000002296A0001 /* PumpTallyApp.swift */; };
		A1000003296A0001 /* ContentView.swift in Sources */ = {isa = PBXBuildFile; fileRef = A1000004296A0001 /* ContentView.swift */; };
		A1000005296A0001 /* Assets.xcassets in Resources */ = {isa = PBXBuildFile; fileRef = A1000006296A0001 /* Assets.xcassets */; };
		A1000007296A0001 /* Preview Assets.xcassets in Resources */ = {isa = PBXBuildFile; fileRef = A1000008296A0001 /* Preview Assets.xcassets */; };
		A1000009296A0001 /* Vehicle.swift in Sources */ = {isa = PBXBuildFile; fileRef = A100000A296A0001 /* Vehicle.swift */; };
		A100000B296A0001 /* FuelingRecord.swift in Sources */ = {isa = PBXBuildFile; fileRef = A100000C296A0001 /* FuelingRecord.swift */; };
		A100000D296A0001 /* VehicleListView.swift in Sources */ = {isa = PBXBuildFile; fileRef = A100000E296A0001 /* VehicleListView.swift */; };
		A100000F296A0001 /* DashboardView.swift in Sources */ = {isa = PBXBuildFile; fileRef = A1000010296A0001 /* DashboardView.swift */; };
		A1000011296A0001 /* HistoryView.swift in Sources */ = {isa = PBXBuildFile; fileRef = A1000012296A0001 /* HistoryView.swift */; };
		A1000013296A0001 /* AddRecordView.swift in Sources */ = {isa = PBXBuildFile; fileRef = A1000014296A0001 /* AddRecordView.swift */; };
		A1000015296A0001 /* FuelingSummaryPopup.swift in Sources */ = {isa = PBXBuildFile; fileRef = A1000016296A0001 /* FuelingSummaryPopup.swift */; };
		A1000017296A0001 /* CSVService.swift in Sources */ = {isa = PBXBuildFile; fileRef = A1000018296A0001 /* CSVService.swift */; };
		A100001B296A0001 /* AddVehicleView.swift in Sources */ = {isa = PBXBuildFile; fileRef = A100001C296A0001 /* AddVehicleView.swift */; };
		A100001D296A0001 /* ChartView.swift in Sources */ = {isa = PBXBuildFile; fileRef = A100001E296A0001 /* ChartView.swift */; };
		A100001F296A0001 /* Extensions.swift in Sources */ = {isa = PBXBuildFile; fileRef = A1000020296A0001 /* Extensions.swift */; };
		A1000021296A0001 /* EditRecordView.swift in Sources */ = {isa = PBXBuildFile; fileRef = A1000022296A0001 /* EditRecordView.swift */; };
		A1000025296A0001 /* StatisticsCacheService.swift in Sources */ = {isa = PBXBuildFile; fileRef = A1000026296A0001 /* StatisticsCacheService.swift */; };
		A1000027296A0001 /* SettingsView.swift in Sources */ = {isa = PBXBuildFile; fileRef = A1000028296A0001 /* SettingsView.swift */; };
		B1000001296B0001 /* FuelingRecordTests.swift in Sources */ = {isa = PBXBuildFile; fileRef = B1000002296B0001 /* FuelingRecordTests.swift */; };
		B1000003296B0001 /* VehicleTests.swift in Sources */ = {isa = PBXBuildFile; fileRef = B1000004296B0001 /* VehicleTests.swift */; };
		B1000005296B0001 /* FillUpTypeTests.swift in Sources */ = {isa = PBXBuildFile; fileRef = B1000006296B0001 /* FillUpTypeTests.swift */; };
		B1000007296B0001 /* CSVServiceTests.swift in Sources */ = {isa = PBXBuildFile; fileRef = B1000008296B0001 /* CSVServiceTests.swift */; };
		B1000009296B0001 /* StatisticsCacheServiceTests.swift in Sources */ = {isa = PBXBuildFile; fileRef = B100000A296B0001 /* StatisticsCacheServiceTests.swift */; };
		C1000001296B0001 /* CloudSyncServiceTests.swift in Sources */ = {isa = PBXBuildFile; fileRef = C1000002296B0001 /* CloudSyncServiceTests.swift */; };
		B100000B296B0001 /* ExtensionsTests.swift in Sources */ = {isa = PBXBuildFile; fileRef = B100000C296B0001 /* ExtensionsTests.swift */; };
		D1000001296D0001 /* CurrencyInputField.swift in Sources */ = {isa = PBXBuildFile; fileRef = D1000002296D0001 /* CurrencyInputField.swift */; };
		E1000001296E0001 /* UnitSystem.swift in Sources */ = {isa = PBXBuildFile; fileRef = E1000002296E0001 /* UnitSystem.swift */; };
		E1000003296E0001 /* CloudSyncService.swift in Sources */ = {isa = PBXBuildFile; fileRef = E1000004296E0001 /* CloudSyncService.swift */; };
		E1000005296E0001 /* SyncStateManager.swift in Sources */ = {isa = PBXBuildFile; fileRef = E1000006296E0001 /* SyncStateManager.swift */; };
		E1000007296E0001 /* UnitSystemTests.swift in Sources */ = {isa = PBXBuildFile; fileRef = E1000008296E0001 /* UnitSystemTests.swift */; };
		F0A00001297A0001 /* SchemaMigrationTests.swift in Sources */ = {isa = PBXBuildFile; fileRef = F0A00002297A0001 /* SchemaMigrationTests.swift */; };
		F1000001296F0001 /* VehicleSettingsView.swift in Sources */ = {isa = PBXBuildFile; fileRef = F1000002296F0001 /* VehicleSettingsView.swift */; };
		G1000001297A0001 /* FuelingRecordFormView.swift in Sources */ = {isa = PBXBuildFile; fileRef = G1000002297A0001 /* FuelingRecordFormView.swift */; };
		G1000003297A0001 /* iCloudSyncDetailView.swift in Sources */ = {isa = PBXBuildFile; fileRef = G1000004297A0001 /* iCloudSyncDetailView.swift */; };
		G1000005297A0001 /* CSVExportImportViews.swift in Sources */ = {isa = PBXBuildFile; fileRef = G1000006297A0001 /* CSVExportImportViews.swift */; };
		H1000001298A0001 /* Localizable.xcstrings in Resources */ = {isa = PBXBuildFile; fileRef = H1000002298A0001 /* Localizable.xcstrings */; };
		I1000001299A0001 /* PumpTallySchema.swift in Sources */ = {isa = PBXBuildFile; fileRef = I1000002299A0001 /* PumpTallySchema.swift */; };
		J100000129AB0001 /* InfoPlist.strings in Resources */ = {isa = PBXBuildFile; fileRef = J100000229AB0001 /* InfoPlist.strings */; };
		K100000129AC0001 /* PrecomputedChartDataTests.swift in Sources */ = {isa = PBXBuildFile; fileRef = K100000229AC0001 /* PrecomputedChartDataTests.swift */; };
		K100000329AC0001 /* HistoryRecordsQueryTests.swift in Sources */ = {isa = PBXBuildFile; fileRef = K100000429AC0001 /* HistoryRecordsQueryTests.swift */; };
		L100000129AD0001 /* OdometerChronologyValidator.swift in Sources */ = {isa = PBXBuildFile; fileRef = L100000229AD0001 /* OdometerChronologyValidator.swift */; };
		L100000329AD0001 /* OdometerChronologyValidatorTests.swift in Sources */ = {isa = PBXBuildFile; fileRef = L100000429AD0001 /* OdometerChronologyValidatorTests.swift */; };
		N100000129AE0001 /* FuelingRecordPersistenceService.swift in Sources */ = {isa = PBXBuildFile; fileRef = N100000229AE0001 /* FuelingRecordPersistenceService.swift */; };
		N100000329AE0001 /* FuelingRecordPersistenceServiceTests.swift in Sources */ = {isa = PBXBuildFile; fileRef = N100000429AE0001 /* FuelingRecordPersistenceServiceTests.swift */; };
		P100000129AF0001 /* FuelEfficiencyPolicy.swift in Sources */ = {isa = PBXBuildFile; fileRef = P100000229AF0001 /* FuelEfficiencyPolicy.swift */; };
		P100000329AF0001 /* FuelEfficiencyPolicyTests.swift in Sources */ = {isa = PBXBuildFile; fileRef = P100000429AF0001 /* FuelEfficiencyPolicyTests.swift */; };
		R100000129B00001 /* SyncOperationCoordinator.swift in Sources */ = {isa = PBXBuildFile; fileRef = R100000229B00001 /* SyncOperationCoordinator.swift */; };
		R100000329B00001 /* SyncOperationCoordinatorTests.swift in Sources */ = {isa = PBXBuildFile; fileRef = R100000429B00001 /* SyncOperationCoordinatorTests.swift */; };
/* End PBXBuildFile section */

/* Begin PBXContainerItemProxy section */
		B100000D296B0001 /* PBXContainerItemProxy */ = {
			isa = PBXContainerItemProxy;
			containerPortal = A10000F8296A0001 /* Project object */;
			proxyType = 1;
			remoteGlobalIDString = A10000FF296A0001;
			remoteInfo = PumpTally;
		};
/* End PBXContainerItemProxy section */

/* Begin PBXFileReference section */
		1E6C4B1F2EE01BD200E33215 /* CSVImportView.swift */ = {isa = PBXFileReference; lastKnownFileType = sourcecode.swift; path = CSVImportView.swift; sourceTree = "<group>"; };
		A1000000296A0001 /* PumpTally.app */ = {isa = PBXFileReference; explicitFileType = wrapper.application; includeInIndex = 0; path = PumpTally.app; sourceTree = BUILT_PRODUCTS_DIR; };
		A1000002296A0001 /* PumpTallyApp.swift */ = {isa = PBXFileReference; lastKnownFileType = sourcecode.swift; path = PumpTallyApp.swift; sourceTree = "<group>"; };
		A1000004296A0001 /* ContentView.swift */ = {isa = PBXFileReference; lastKnownFileType = sourcecode.swift; path = ContentView.swift; sourceTree = "<group>"; };
		A1000006296A0001 /* Assets.xcassets */ = {isa = PBXFileReference; lastKnownFileType = folder.assetcatalog; path = Assets.xcassets; sourceTree = "<group>"; };
		A1000008296A0001 /* Preview Assets.xcassets */ = {isa = PBXFileReference; lastKnownFileType = folder.assetcatalog; path = "Preview Assets.xcassets"; sourceTree = "<group>"; };
		A100000A296A0001 /* Vehicle.swift */ = {isa = PBXFileReference; lastKnownFileType = sourcecode.swift; path = Vehicle.swift; sourceTree = "<group>"; };
		A100000C296A0001 /* FuelingRecord.swift */ = {isa = PBXFileReference; lastKnownFileType = sourcecode.swift; path = FuelingRecord.swift; sourceTree = "<group>"; };
		A100000E296A0001 /* VehicleListView.swift */ = {isa = PBXFileReference; lastKnownFileType = sourcecode.swift; path = VehicleListView.swift; sourceTree = "<group>"; };
		A1000010296A0001 /* DashboardView.swift */ = {isa = PBXFileReference; lastKnownFileType = sourcecode.swift; path = DashboardView.swift; sourceTree = "<group>"; };
		A1000012296A0001 /* HistoryView.swift */ = {isa = PBXFileReference; lastKnownFileType = sourcecode.swift; path = HistoryView.swift; sourceTree = "<group>"; };
		A1000014296A0001 /* AddRecordView.swift */ = {isa = PBXFileReference; lastKnownFileType = sourcecode.swift; path = AddRecordView.swift; sourceTree = "<group>"; };
		A1000016296A0001 /* FuelingSummaryPopup.swift */ = {isa = PBXFileReference; lastKnownFileType = sourcecode.swift; path = FuelingSummaryPopup.swift; sourceTree = "<group>"; };
		A1000018296A0001 /* CSVService.swift */ = {isa = PBXFileReference; lastKnownFileType = sourcecode.swift; path = CSVService.swift; sourceTree = "<group>"; };
		A100001C296A0001 /* AddVehicleView.swift */ = {isa = PBXFileReference; lastKnownFileType = sourcecode.swift; path = AddVehicleView.swift; sourceTree = "<group>"; };
		A100001E296A0001 /* ChartView.swift */ = {isa = PBXFileReference; lastKnownFileType = sourcecode.swift; path = ChartView.swift; sourceTree = "<group>"; };
		A1000020296A0001 /* Extensions.swift */ = {isa = PBXFileReference; lastKnownFileType = sourcecode.swift; path = Extensions.swift; sourceTree = "<group>"; };
		A1000022296A0001 /* EditRecordView.swift */ = {isa = PBXFileReference; lastKnownFileType = sourcecode.swift; path = EditRecordView.swift; sourceTree = "<group>"; };
		A1000023296A0001 /* PumpTally.entitlements */ = {isa = PBXFileReference; lastKnownFileType = text.plist.entitlements; path = PumpTally.entitlements; sourceTree = "<group>"; };
		A1000024296A0001 /* Info.plist */ = {isa = PBXFileReference; lastKnownFileType = text.plist.xml; path = Info.plist; sourceTree = "<group>"; };
		A1000026296A0001 /* StatisticsCacheService.swift */ = {isa = PBXFileReference; lastKnownFileType = sourcecode.swift; path = StatisticsCacheService.swift; sourceTree = "<group>"; };
		A1000028296A0001 /* SettingsView.swift */ = {isa = PBXFileReference; lastKnownFileType = sourcecode.swift; path = SettingsView.swift; sourceTree = "<group>"; };
		B1000000296B0001 /* PumpTallyTests.xctest */ = {isa = PBXFileReference; explicitFileType = wrapper.cfbundle; includeInIndex = 0; path = PumpTallyTests.xctest; sourceTree = BUILT_PRODUCTS_DIR; };
		B1000002296B0001 /* FuelingRecordTests.swift */ = {isa = PBXFileReference; lastKnownFileType = sourcecode.swift; path = FuelingRecordTests.swift; sourceTree = "<group>"; };
		B1000004296B0001 /* VehicleTests.swift */ = {isa = PBXFileReference; lastKnownFileType = sourcecode.swift; path = VehicleTests.swift; sourceTree = "<group>"; };
		B1000006296B0001 /* FillUpTypeTests.swift */ = {isa = PBXFileReference; lastKnownFileType = sourcecode.swift; path = FillUpTypeTests.swift; sourceTree = "<group>"; };
		B1000008296B0001 /* CSVServiceTests.swift */ = {isa = PBXFileReference; lastKnownFileType = sourcecode.swift; path = CSVServiceTests.swift; sourceTree = "<group>"; };
		B100000A296B0001 /* StatisticsCacheServiceTests.swift */ = {isa = PBXFileReference; lastKnownFileType = sourcecode.swift; path = StatisticsCacheServiceTests.swift; sourceTree = "<group>"; };
		C1000002296B0001 /* CloudSyncServiceTests.swift */ = {isa = PBXFileReference; lastKnownFileType = sourcecode.swift; path = CloudSyncServiceTests.swift; sourceTree = "<group>"; };
		B100000C296B0001 /* ExtensionsTests.swift */ = {isa = PBXFileReference; lastKnownFileType = sourcecode.swift; path = ExtensionsTests.swift; sourceTree = "<group>"; };
		D1000002296D0001 /* CurrencyInputField.swift */ = {isa = PBXFileReference; lastKnownFileType = sourcecode.swift; path = CurrencyInputField.swift; sourceTree = "<group>"; };
		E1000002296E0001 /* UnitSystem.swift */ = {isa = PBXFileReference; lastKnownFileType = sourcecode.swift; path = UnitSystem.swift; sourceTree = "<group>"; };
		E1000004296E0001 /* CloudSyncService.swift */ = {isa = PBXFileReference; lastKnownFileType = sourcecode.swift; path = CloudSyncService.swift; sourceTree = "<group>"; };
		E1000006296E0001 /* SyncStateManager.swift */ = {isa = PBXFileReference; lastKnownFileType = sourcecode.swift; path = SyncStateManager.swift; sourceTree = "<group>"; };
		E1000008296E0001 /* UnitSystemTests.swift */ = {isa = PBXFileReference; lastKnownFileType = sourcecode.swift; path = UnitSystemTests.swift; sourceTree = "<group>"; };
		F0A00002297A0001 /* SchemaMigrationTests.swift */ = {isa = PBXFileReference; lastKnownFileType = sourcecode.swift; path = SchemaMigrationTests.swift; sourceTree = "<group>"; };
		F1000002296F0001 /* VehicleSettingsView.swift */ = {isa = PBXFileReference; lastKnownFileType = sourcecode.swift; path = VehicleSettingsView.swift; sourceTree = "<group>"; };
		G1000002297A0001 /* FuelingRecordFormView.swift */ = {isa = PBXFileReference; lastKnownFileType = sourcecode.swift; path = FuelingRecordFormView.swift; sourceTree = "<group>"; };
		G1000004297A0001 /* iCloudSyncDetailView.swift */ = {isa = PBXFileReference; lastKnownFileType = sourcecode.swift; path = iCloudSyncDetailView.swift; sourceTree = "<group>"; };
		G1000006297A0001 /* CSVExportImportViews.swift */ = {isa = PBXFileReference; lastKnownFileType = sourcecode.swift; path = CSVExportImportViews.swift; sourceTree = "<group>"; };
		H1000002298A0001 /* Localizable.xcstrings */ = {isa = PBXFileReference; lastKnownFileType = text.json.xcstrings; path = Localizable.xcstrings; sourceTree = "<group>"; };
		I1000002299A0001 /* PumpTallySchema.swift */ = {isa = PBXFileReference; lastKnownFileType = sourcecode.swift; path = PumpTallySchema.swift; sourceTree = "<group>"; };
		J100000329AB0001 /* en */ = {isa = PBXFileReference; lastKnownFileType = text.plist.strings; name = en; path = en.lproj/InfoPlist.strings; sourceTree = "<group>"; };
		K100000229AC0001 /* PrecomputedChartDataTests.swift */ = {isa = PBXFileReference; lastKnownFileType = sourcecode.swift; path = PrecomputedChartDataTests.swift; sourceTree = "<group>"; };
		K100000429AC0001 /* HistoryRecordsQueryTests.swift */ = {isa = PBXFileReference; lastKnownFileType = sourcecode.swift; path = HistoryRecordsQueryTests.swift; sourceTree = "<group>"; };
		L100000229AD0001 /* OdometerChronologyValidator.swift */ = {isa = PBXFileReference; lastKnownFileType = sourcecode.swift; path = OdometerChronologyValidator.swift; sourceTree = "<group>"; };
		L100000429AD0001 /* OdometerChronologyValidatorTests.swift */ = {isa = PBXFileReference; lastKnownFileType = sourcecode.swift; path = OdometerChronologyValidatorTests.swift; sourceTree = "<group>"; };
		N100000229AE0001 /* FuelingRecordPersistenceService.swift */ = {isa = PBXFileReference; lastKnownFileType = sourcecode.swift; path = FuelingRecordPersistenceService.swift; sourceTree = "<group>"; };
		N100000429AE0001 /* FuelingRecordPersistenceServiceTests.swift */ = {isa = PBXFileReference; lastKnownFileType = sourcecode.swift; path = FuelingRecordPersistenceServiceTests.swift; sourceTree = "<group>"; };
		P100000229AF0001 /* FuelEfficiencyPolicy.swift */ = {isa = PBXFileReference; lastKnownFileType = sourcecode.swift; path = FuelEfficiencyPolicy.swift; sourceTree = "<group>"; };
		P100000429AF0001 /* FuelEfficiencyPolicyTests.swift */ = {isa = PBXFileReference; lastKnownFileType = sourcecode.swift; path = FuelEfficiencyPolicyTests.swift; sourceTree = "<group>"; };
		R100000229B00001 /* SyncOperationCoordinator.swift */ = {isa = PBXFileReference; lastKnownFileType = sourcecode.swift; path = SyncOperationCoordinator.swift; sourceTree = "<group>"; };
		R100000429B00001 /* SyncOperationCoordinatorTests.swift */ = {isa = PBXFileReference; lastKnownFileType = sourcecode.swift; path = SyncOperationCoordinatorTests.swift; sourceTree = "<group>"; };
/* End PBXFileReference section */

/* Begin PBXFrameworksBuildPhase section */
		A10000FD296A0001 /* Frameworks */ = {
			isa = PBXFrameworksBuildPhase;
			buildActionMask = 2147483647;
			files = (
			);
			runOnlyForDeploymentPostprocessing = 0;
		};
		B100000E296B0001 /* Frameworks */ = {
			isa = PBXFrameworksBuildPhase;
			buildActionMask = 2147483647;
			files = (
			);
			runOnlyForDeploymentPostprocessing = 0;
		};
/* End PBXFrameworksBuildPhase section */

/* Begin PBXGroup section */
		A1000000296A0002 /* Products */ = {
			isa = PBXGroup;
			children = (
				A1000000296A0001 /* PumpTally.app */,
				B1000000296B0001 /* PumpTallyTests.xctest */,
			);
			name = Products;
			sourceTree = "<group>";
		};
		A1000001296A0002 /* PumpTally */ = {
			isa = PBXGroup;
			children = (
				A1000023296A0001 /* PumpTally.entitlements */,
				A1000024296A0001 /* Info.plist */,
				J100000229AB0001 /* InfoPlist.strings */,
				H1000002298A0001 /* Localizable.xcstrings */,
				A1000002296A0001 /* PumpTallyApp.swift */,
				A1000004296A0001 /* ContentView.swift */,
				A1000002296A0002 /* Models */,
				A1000003296A0002 /* Views */,
				A1000005296A0002 /* Services */,
				A1000006296A0002 /* Extensions */,
				A1000006296A0001 /* Assets.xcassets */,
				A1000007296A0002 /* Preview Content */,
			);
			path = PumpTally;
			sourceTree = "<group>";
		};
		A1000002296A0002 /* Models */ = {
			isa = PBXGroup;
			children = (
				A100000A296A0001 /* Vehicle.swift */,
				A100000C296A0001 /* FuelingRecord.swift */,
				E1000002296E0001 /* UnitSystem.swift */,
				I1000002299A0001 /* PumpTallySchema.swift */,
			);
			path = Models;
			sourceTree = "<group>";
		};
		A1000003296A0002 /* Views */ = {
			isa = PBXGroup;
			children = (
				D1000003296D0001 /* Components */,
				1E6C4B1F2EE01BD200E33215 /* CSVImportView.swift */,
				A100000E296A0001 /* VehicleListView.swift */,
				A100001C296A0001 /* AddVehicleView.swift */,
				A1000010296A0001 /* DashboardView.swift */,
				A1000012296A0001 /* HistoryView.swift */,
				A1000014296A0001 /* AddRecordView.swift */,
				A1000022296A0001 /* EditRecordView.swift */,
				A1000016296A0001 /* FuelingSummaryPopup.swift */,
				A100001E296A0001 /* ChartView.swift */,
				A1000028296A0001 /* SettingsView.swift */,
				F1000002296F0001 /* VehicleSettingsView.swift */,
				G1000004297A0001 /* iCloudSyncDetailView.swift */,
				G1000006297A0001 /* CSVExportImportViews.swift */,
			);
			path = Views;
			sourceTree = "<group>";
		};
		A1000005296A0002 /* Services */ = {
			isa = PBXGroup;
			children = (
				A1000018296A0001 /* CSVService.swift */,
				A1000026296A0001 /* StatisticsCacheService.swift */,
				E1000004296E0001 /* CloudSyncService.swift */,
				E1000006296E0001 /* SyncStateManager.swift */,
				L100000229AD0001 /* OdometerChronologyValidator.swift */,
				N100000229AE0001 /* FuelingRecordPersistenceService.swift */,
				P100000229AF0001 /* FuelEfficiencyPolicy.swift */,
				R100000229B00001 /* SyncOperationCoordinator.swift */,
			);
			path = Services;
			sourceTree = "<group>";
		};
		A1000006296A0002 /* Extensions */ = {
			isa = PBXGroup;
			children = (
				A1000020296A0001 /* Extensions.swift */,
			);
			path = Extensions;
			sourceTree = "<group>";
		};
		A1000007296A0002 /* Preview Content */ = {
			isa = PBXGroup;
			children = (
				A1000008296A0001 /* Preview Assets.xcassets */,
			);
			path = "Preview Content";
			sourceTree = "<group>";
		};
		A10000F7296A0001 = {
			isa = PBXGroup;
			children = (
				A1000001296A0002 /* PumpTally */,
				B1000001296B0002 /* PumpTallyTests */,
				A1000000296A0002 /* Products */,
			);
			sourceTree = "<group>";
		};
		B1000001296B0002 /* PumpTallyTests */ = {
			isa = PBXGroup;
			children = (
				B1000002296B0001 /* FuelingRecordTests.swift */,
				B1000004296B0001 /* VehicleTests.swift */,
				B1000006296B0001 /* FillUpTypeTests.swift */,
				B1000008296B0001 /* CSVServiceTests.swift */,
				B100000A296B0001 /* StatisticsCacheServiceTests.swift */,
				B100000C296B0001 /* ExtensionsTests.swift */,
				E1000008296E0001 /* UnitSystemTests.swift */,
				F0A00002297A0001 /* SchemaMigrationTests.swift */,
				C1000002296B0001 /* CloudSyncServiceTests.swift */,
				K100000229AC0001 /* PrecomputedChartDataTests.swift */,
				K100000429AC0001 /* HistoryRecordsQueryTests.swift */,
				L100000429AD0001 /* OdometerChronologyValidatorTests.swift */,
				N100000429AE0001 /* FuelingRecordPersistenceServiceTests.swift */,
				P100000429AF0001 /* FuelEfficiencyPolicyTests.swift */,
				R100000429B00001 /* SyncOperationCoordinatorTests.swift */,
			);
			path = PumpTallyTests;
			sourceTree = "<group>";
		};
		D1000003296D0001 /* Components */ = {
			isa = PBXGroup;
			children = (
				D1000002296D0001 /* CurrencyInputField.swift */,
				G1000002297A0001 /* FuelingRecordFormView.swift */,
			);
			path = Components;
			sourceTree = "<group>";
		};
/* End PBXGroup section */

/* Begin PBXNativeTarget section */
		A10000FF296A0001 /* PumpTally */ = {
			isa = PBXNativeTarget;
			buildConfigurationList = A1000109296A0001 /* Build configuration list for PBXNativeTarget "PumpTally" */;
			buildPhases = (
				A10000FC296A0001 /* Sources */,
				A10000FD296A0001 /* Frameworks */,
				A10000FE296A0001 /* Resources */,
			);
			buildRules = (
			);
			dependencies = (
			);
			name = PumpTally;
			productName = PumpTally;
			productReference = A1000000296A0001 /* PumpTally.app */;
			productType = "com.apple.product-type.application";
		};
		B100000F296B0001 /* PumpTallyTests */ = {
			isa = PBXNativeTarget;
			buildConfigurationList = B1000010296B0001 /* Build configuration list for PBXNativeTarget "PumpTallyTests" */;
			buildPhases = (
				B1000011296B0001 /* Sources */,
				B100000E296B0001 /* Frameworks */,
				B1000012296B0001 /* Resources */,
			);
			buildRules = (
			);
			dependencies = (
				B1000013296B0001 /* PBXTargetDependency */,
			);
			name = PumpTallyTests;
			productName = PumpTallyTests;
			productReference = B1000000296B0001 /* PumpTallyTests.xctest */;
			productType = "com.apple.product-type.bundle.unit-test";
		};
/* End PBXNativeTarget section */

/* Begin PBXProject section */
		A10000F8296A0001 /* Project object */ = {
			isa = PBXProject;
			attributes = {
				BuildIndependentTargetsInParallel = 1;
				LastSwiftUpdateCheck = 1500;
				LastUpgradeCheck = 2620;
				TargetAttributes = {
					A10000FF296A0001 = {
						CreatedOnToolsVersion = 15.0;
					};
					B100000F296B0001 = {
						CreatedOnToolsVersion = 15.0;
						TestTargetID = A10000FF296A0001;
					};
				};
			};
			buildConfigurationList = A10000FB296A0001 /* Build configuration list for PBXProject "PumpTally" */;
			compatibilityVersion = "Xcode 14.0";
			developmentRegion = en;
			hasScannedForEncodings = 0;
			knownRegions = (
				en,
				"zh-Hans",
				es,
				Base,
			);
			mainGroup = A10000F7296A0001;
			productRefGroup = A1000000296A0002 /* Products */;
			projectDirPath = "";
			projectRoot = "";
			targets = (
				A10000FF296A0001 /* PumpTally */,
				B100000F296B0001 /* PumpTallyTests */,
			);
		};
/* End PBXProject section */

/* Begin PBXResourcesBuildPhase section */
		A10000FE296A0001 /* Resources */ = {
			isa = PBXResourcesBuildPhase;
			buildActionMask = 2147483647;
			files = (
				A1000007296A0001 /* Preview Assets.xcassets in Resources */,
				A1000005296A0001 /* Assets.xcassets in Resources */,
				H1000001298A0001 /* Localizable.xcstrings in Resources */,
				J100000129AB0001 /* InfoPlist.strings in Resources */,
			);
			runOnlyForDeploymentPostprocessing = 0;
		};
		B1000012296B0001 /* Resources */ = {
			isa = PBXResourcesBuildPhase;
			buildActionMask = 2147483647;
			files = (
			);
			runOnlyForDeploymentPostprocessing = 0;
		};
/* End PBXResourcesBuildPhase section */

/* Begin PBXSourcesBuildPhase section */
		A10000FC296A0001 /* Sources */ = {
			isa = PBXSourcesBuildPhase;
			buildActionMask = 2147483647;
			files = (
				1E6C4B202EE01BD200E33215 /* CSVImportView.swift in Sources */,
				D1000001296D0001 /* CurrencyInputField.swift in Sources */,
				A1000001296A0001 /* PumpTallyApp.swift in Sources */,
				A1000003296A0001 /* ContentView.swift in Sources */,
				A1000009296A0001 /* Vehicle.swift in Sources */,
				A100000B296A0001 /* FuelingRecord.swift in Sources */,
				A100000D296A0001 /* VehicleListView.swift in Sources */,
				A100000F296A0001 /* DashboardView.swift in Sources */,
				A1000011296A0001 /* HistoryView.swift in Sources */,
				A1000013296A0001 /* AddRecordView.swift in Sources */,
				A1000015296A0001 /* FuelingSummaryPopup.swift in Sources */,
				A1000017296A0001 /* CSVService.swift in Sources */,
				A1000025296A0001 /* StatisticsCacheService.swift in Sources */,
				A100001B296A0001 /* AddVehicleView.swift in Sources */,
				A100001D296A0001 /* ChartView.swift in Sources */,
				A100001F296A0001 /* Extensions.swift in Sources */,
				A1000021296A0001 /* EditRecordView.swift in Sources */,
				A1000027296A0001 /* SettingsView.swift in Sources */,
				E1000001296E0001 /* UnitSystem.swift in Sources */,
				E1000003296E0001 /* CloudSyncService.swift in Sources */,
				E1000005296E0001 /* SyncStateManager.swift in Sources */,
				F1000001296F0001 /* VehicleSettingsView.swift in Sources */,
				G1000001297A0001 /* FuelingRecordFormView.swift in Sources */,
				G1000003297A0001 /* iCloudSyncDetailView.swift in Sources */,
				G1000005297A0001 /* CSVExportImportViews.swift in Sources */,
				I1000001299A0001 /* PumpTallySchema.swift in Sources */,
				L100000129AD0001 /* OdometerChronologyValidator.swift in Sources */,
				N100000129AE0001 /* FuelingRecordPersistenceService.swift in Sources */,
				P100000129AF0001 /* FuelEfficiencyPolicy.swift in Sources */,
				R100000129B00001 /* SyncOperationCoordinator.swift in Sources */,
			);
			runOnlyForDeploymentPostprocessing = 0;
		};
		B1000011296B0001 /* Sources */ = {
			isa = PBXSourcesBuildPhase;
			buildActionMask = 2147483647;
			files = (
				B1000001296B0001 /* FuelingRecordTests.swift in Sources */,
				B1000003296B0001 /* VehicleTests.swift in Sources */,
				B1000005296B0001 /* FillUpTypeTests.swift in Sources */,
				B1000007296B0001 /* CSVServiceTests.swift in Sources */,
				B1000009296B0001 /* StatisticsCacheServiceTests.swift in Sources */,
				B100000B296B0001 /* ExtensionsTests.swift in Sources */,
				E1000007296E0001 /* UnitSystemTests.swift in Sources */,
				F0A00001297A0001 /* SchemaMigrationTests.swift in Sources */,
				C1000001296B0001 /* CloudSyncServiceTests.swift in Sources */,
				K100000129AC0001 /* PrecomputedChartDataTests.swift in Sources */,
				K100000329AC0001 /* HistoryRecordsQueryTests.swift in Sources */,
				L100000329AD0001 /* OdometerChronologyValidatorTests.swift in Sources */,
				N100000329AE0001 /* FuelingRecordPersistenceServiceTests.swift in Sources */,
				P100000329AF0001 /* FuelEfficiencyPolicyTests.swift in Sources */,
				R100000329B00001 /* SyncOperationCoordinatorTests.swift in Sources */,
			);
			runOnlyForDeploymentPostprocessing = 0;
		};
/* End PBXSourcesBuildPhase section */

/* Begin PBXTargetDependency section */
		B1000013296B0001 /* PBXTargetDependency */ = {
			isa = PBXTargetDependency;
			target = A10000FF296A0001 /* PumpTally */;
			targetProxy = B100000D296B0001 /* PBXContainerItemProxy */;
		};
/* End PBXTargetDependency section */

/* Begin PBXVariantGroup section */
		J100000229AB0001 /* InfoPlist.strings */ = {
			isa = PBXVariantGroup;
			children = (
				J100000329AB0001 /* en */,
			);
			name = InfoPlist.strings;
			sourceTree = "<group>";
		};
/* End PBXVariantGroup section */

/* Begin XCBuildConfiguration section */
		A1000107296A0001 /* Debug */ = {
			isa = XCBuildConfiguration;
			buildSettings = {
				ALWAYS_SEARCH_USER_PATHS = NO;
				ASSETCATALOG_COMPILER_GENERATE_SWIFT_ASSET_SYMBOL_EXTENSIONS = YES;
				CLANG_ANALYZER_LOCALIZABILITY_NONLOCALIZED = YES;
				CLANG_ANALYZER_NONNULL = YES;
				CLANG_ANALYZER_NUMBER_OBJECT_CONVERSION = YES_AGGRESSIVE;
				CLANG_CXX_LANGUAGE_STANDARD = "gnu++20";
				CLANG_ENABLE_MODULES = YES;
				CLANG_ENABLE_OBJC_ARC = YES;
				CLANG_ENABLE_OBJC_WEAK = YES;
				CLANG_WARN_BLOCK_CAPTURE_AUTORELEASING = YES;
				CLANG_WARN_BOOL_CONVERSION = YES;
				CLANG_WARN_COMMA = YES;
				CLANG_WARN_CONSTANT_CONVERSION = YES;
				CLANG_WARN_DEPRECATED_OBJC_IMPLEMENTATIONS = YES;
				CLANG_WARN_DIRECT_OBJC_ISA_USAGE = YES_ERROR;
				CLANG_WARN_DOCUMENTATION_COMMENTS = YES;
				CLANG_WARN_EMPTY_BODY = YES;
				CLANG_WARN_ENUM_CONVERSION = YES;
				CLANG_WARN_INFINITE_RECURSION = YES;
				CLANG_WARN_INT_CONVERSION = YES;
				CLANG_WARN_NON_LITERAL_NULL_CONVERSION = YES;
				CLANG_WARN_OBJC_IMPLICIT_RETAIN_SELF = YES;
				CLANG_WARN_OBJC_LITERAL_CONVERSION = YES;
				CLANG_WARN_OBJC_ROOT_CLASS = YES_ERROR;
				CLANG_WARN_QUOTED_INCLUDE_IN_FRAMEWORK_HEADER = YES;
				CLANG_WARN_RANGE_LOOP_ANALYSIS = YES;
				CLANG_WARN_STRICT_PROTOTYPES = YES;
				CLANG_WARN_SUSPICIOUS_MOVE = YES;
				CLANG_WARN_UNGUARDED_AVAILABILITY = YES_AGGRESSIVE;
				CLANG_WARN_UNREACHABLE_CODE = YES;
				CLANG_WARN__DUPLICATE_METHOD_MATCH = YES;
				COPY_PHASE_STRIP = NO;
				DEBUG_INFORMATION_FORMAT = dwarf;
				DEVELOPMENT_TEAM = F9M3UZ669L;
				ENABLE_STRICT_OBJC_MSGSEND = YES;
				ENABLE_TESTABILITY = YES;
				ENABLE_USER_SCRIPT_SANDBOXING = YES;
				GCC_C_LANGUAGE_STANDARD = gnu17;
				GCC_DYNAMIC_NO_PIC = NO;
				GCC_NO_COMMON_BLOCKS = YES;
				GCC_OPTIMIZATION_LEVEL = 0;
				GCC_PREPROCESSOR_DEFINITIONS = (
					"DEBUG=1",
					"$(inherited)",
				);
				GCC_WARN_64_TO_32_BIT_CONVERSION = YES;
				GCC_WARN_ABOUT_RETURN_TYPE = YES_ERROR;
				GCC_WARN_UNDECLARED_SELECTOR = YES;
				GCC_WARN_UNINITIALIZED_AUTOS = YES_AGGRESSIVE;
				GCC_WARN_UNUSED_FUNCTION = YES;
				GCC_WARN_UNUSED_VARIABLE = YES;
				IPHONEOS_DEPLOYMENT_TARGET = 17.0;
				LOCALIZATION_PREFERS_STRING_CATALOGS = YES;
				MTL_ENABLE_DEBUG_INFO = INCLUDE_SOURCE;
				MTL_FAST_MATH = YES;
				ONLY_ACTIVE_ARCH = YES;
				SDKROOT = iphoneos;
				STRING_CATALOG_GENERATE_SYMBOLS = YES;
				SWIFT_ACTIVE_COMPILATION_CONDITIONS = "DEBUG $(inherited)";
				SWIFT_OPTIMIZATION_LEVEL = "-Onone";
			};
			name = Debug;
		};
		A1000108296A0001 /* Release */ = {
			isa = XCBuildConfiguration;
			buildSettings = {
				ALWAYS_SEARCH_USER_PATHS = NO;
				ASSETCATALOG_COMPILER_GENERATE_SWIFT_ASSET_SYMBOL_EXTENSIONS = YES;
				CLANG_ANALYZER_LOCALIZABILITY_NONLOCALIZED = YES;
				CLANG_ANALYZER_NONNULL = YES;
				CLANG_ANALYZER_NUMBER_OBJECT_CONVERSION = YES_AGGRESSIVE;
				CLANG_CXX_LANGUAGE_STANDARD = "gnu++20";
				CLANG_ENABLE_MODULES = YES;
				CLANG_ENABLE_OBJC_ARC = YES;
				CLANG_ENABLE_OBJC_WEAK = YES;
				CLANG_WARN_BLOCK_CAPTURE_AUTORELEASING = YES;
				CLANG_WARN_BOOL_CONVERSION = YES;
				CLANG_WARN_COMMA = YES;
				CLANG_WARN_CONSTANT_CONVERSION = YES;
				CLANG_WARN_DEPRECATED_OBJC_IMPLEMENTATIONS = YES;
				CLANG_WARN_DIRECT_OBJC_ISA_USAGE = YES_ERROR;
				CLANG_WARN_DOCUMENTATION_COMMENTS = YES;
				CLANG_WARN_EMPTY_BODY = YES;
				CLANG_WARN_ENUM_CONVERSION = YES;
				CLANG_WARN_INFINITE_RECURSION = YES;
				CLANG_WARN_INT_CONVERSION = YES;
				CLANG_WARN_NON_LITERAL_NULL_CONVERSION = YES;
				CLANG_WARN_OBJC_IMPLICIT_RETAIN_SELF = YES;
				CLANG_WARN_OBJC_LITERAL_CONVERSION = YES;
				CLANG_WARN_OBJC_ROOT_CLASS = YES_ERROR;
				CLANG_WARN_QUOTED_INCLUDE_IN_FRAMEWORK_HEADER = YES;
				CLANG_WARN_RANGE_LOOP_ANALYSIS = YES;
				CLANG_WARN_STRICT_PROTOTYPES = YES;
				CLANG_WARN_SUSPICIOUS_MOVE = YES;
				CLANG_WARN_UNGUARDED_AVAILABILITY = YES_AGGRESSIVE;
				CLANG_WARN_UNREACHABLE_CODE = YES;
				CLANG_WARN__DUPLICATE_METHOD_MATCH = YES;
				COPY_PHASE_STRIP = NO;
				DEBUG_INFORMATION_FORMAT = "dwarf-with-dsym";
				DEVELOPMENT_TEAM = F9M3UZ669L;
				ENABLE_NS_ASSERTIONS = NO;
				ENABLE_STRICT_OBJC_MSGSEND = YES;
				ENABLE_USER_SCRIPT_SANDBOXING = YES;
				GCC_C_LANGUAGE_STANDARD = gnu17;
				GCC_NO_COMMON_BLOCKS = YES;
				GCC_WARN_64_TO_32_BIT_CONVERSION = YES;
				GCC_WARN_ABOUT_RETURN_TYPE = YES_ERROR;
				GCC_WARN_UNDECLARED_SELECTOR = YES;
				GCC_WARN_UNINITIALIZED_AUTOS = YES_AGGRESSIVE;
				GCC_WARN_UNUSED_FUNCTION = YES;
				GCC_WARN_UNUSED_VARIABLE = YES;
				IPHONEOS_DEPLOYMENT_TARGET = 17.0;
				LOCALIZATION_PREFERS_STRING_CATALOGS = YES;
				MTL_ENABLE_DEBUG_INFO = NO;
				MTL_FAST_MATH = YES;
				SDKROOT = iphoneos;
				STRING_CATALOG_GENERATE_SYMBOLS = YES;
				SWIFT_COMPILATION_MODE = wholemodule;
				VALIDATE_PRODUCT = YES;
			};
			name = Release;
		};
		A100010A296A0001 /* Debug */ = {
			isa = XCBuildConfiguration;
			buildSettings = {
				ASSETCATALOG_COMPILER_APPICON_NAME = AppIcon;
				ASSETCATALOG_COMPILER_GLOBAL_ACCENT_COLOR_NAME = AccentColor;
				ASSETCATALOG_COMPILER_INCLUDE_ALL_APPICON_ASSETS = NO;
				CODE_SIGN_ENTITLEMENTS = PumpTally/PumpTally.entitlements;
				CODE_SIGN_STYLE = Automatic;
				CURRENT_PROJECT_VERSION = 14;
				DEVELOPMENT_ASSET_PATHS = "\"PumpTally/Preview Content\"";
				DEVELOPMENT_TEAM = F9M3UZ669L;
				ENABLE_PREVIEWS = YES;
				GENERATE_INFOPLIST_FILE = YES;
				INFOPLIST_FILE = PumpTally/Info.plist;
				INFOPLIST_KEY_CFBundleDisplayName = PumpTally;
				INFOPLIST_KEY_LSApplicationCategoryType = "public.app-category.utilities";
				INFOPLIST_KEY_LSSupportsOpeningDocumentsInPlace = YES;
				INFOPLIST_KEY_UIApplicationSupportsIndirectInputEvents = YES;
				INFOPLIST_KEY_UIRequiredDeviceCapabilities = armv7;
				INFOPLIST_KEY_UISupportedInterfaceOrientations = UIInterfaceOrientationPortrait;
				INFOPLIST_KEY_UISupportedInterfaceOrientations_iPad = "UIInterfaceOrientationLandscapeLeft UIInterfaceOrientationLandscapeRight UIInterfaceOrientationPortrait UIInterfaceOrientationPortraitUpsideDown";
				LD_RUNPATH_SEARCH_PATHS = (
					"$(inherited)",
					"@executable_path/Frameworks",
				);
				MARKETING_VERSION = 1.5;
				PRODUCT_BUNDLE_IDENTIFIER = me.tianshilei.fuelio;
				PRODUCT_NAME = "$(TARGET_NAME)";
				SUPPORTED_PLATFORMS = "iphoneos iphonesimulator";
				SUPPORTS_MACCATALYST = NO;
				SUPPORTS_MAC_DESIGNED_FOR_IPHONE_IPAD = NO;
				SUPPORTS_XR_DESIGNED_FOR_IPHONE_IPAD = NO;
				SWIFT_EMIT_LOC_STRINGS = YES;
				SWIFT_VERSION = 5.0;
				TARGETED_DEVICE_FAMILY = 1;
			};
			name = Debug;
		};
		A100010B296A0001 /* Release */ = {
			isa = XCBuildConfiguration;
			buildSettings = {
				ASSETCATALOG_COMPILER_APPICON_NAME = AppIcon;
				ASSETCATALOG_COMPILER_GLOBAL_ACCENT_COLOR_NAME = AccentColor;
				ASSETCATALOG_COMPILER_INCLUDE_ALL_APPICON_ASSETS = NO;
				CODE_SIGN_ENTITLEMENTS = PumpTally/PumpTally.entitlements;
				CODE_SIGN_STYLE = Automatic;
				CURRENT_PROJECT_VERSION = 14;
				DEVELOPMENT_ASSET_PATHS = "\"PumpTally/Preview Content\"";
				DEVELOPMENT_TEAM = F9M3UZ669L;
				ENABLE_PREVIEWS = YES;
				GENERATE_INFOPLIST_FILE = YES;
				INFOPLIST_FILE = PumpTally/Info.plist;
				INFOPLIST_KEY_CFBundleDisplayName = PumpTally;
				INFOPLIST_KEY_LSApplicationCategoryType = "public.app-category.utilities";
				INFOPLIST_KEY_LSSupportsOpeningDocumentsInPlace = YES;
				INFOPLIST_KEY_UIApplicationSupportsIndirectInputEvents = YES;
				INFOPLIST_KEY_UIRequiredDeviceCapabilities = armv7;
				INFOPLIST_KEY_UISupportedInterfaceOrientations = UIInterfaceOrientationPortrait;
				INFOPLIST_KEY_UISupportedInterfaceOrientations_iPad = "UIInterfaceOrientationLandscapeLeft UIInterfaceOrientationLandscapeRight UIInterfaceOrientationPortrait UIInterfaceOrientationPortraitUpsideDown";
				LD_RUNPATH_SEARCH_PATHS = (
					"$(inherited)",
					"@executable_path/Frameworks",
				);
				MARKETING_VERSION = 1.5;
				PRODUCT_BUNDLE_IDENTIFIER = me.tianshilei.fuelio;
				PRODUCT_NAME = "$(TARGET_NAME)";
				SUPPORTED_PLATFORMS = "iphoneos iphonesimulator";
				SUPPORTS_MACCATALYST = NO;
				SUPPORTS_MAC_DESIGNED_FOR_IPHONE_IPAD = NO;
				SUPPORTS_XR_DESIGNED_FOR_IPHONE_IPAD = NO;
				SWIFT_EMIT_LOC_STRINGS = YES;
				SWIFT_VERSION = 5.0;
				TARGETED_DEVICE_FAMILY = 1;
			};
			name = Release;
		};
		B1000014296B0001 /* Debug */ = {
			isa = XCBuildConfiguration;
			buildSettings = {
				BUNDLE_LOADER = "$(TEST_HOST)";
				CODE_SIGN_STYLE = Automatic;
				CURRENT_PROJECT_VERSION = 1;
				GENERATE_INFOPLIST_FILE = YES;
				IPHONEOS_DEPLOYMENT_TARGET = 17.0;
				MARKETING_VERSION = 1.0;
				PRODUCT_BUNDLE_IDENTIFIER = me.tianshilei.PumpTallyTests;
				PRODUCT_NAME = "$(TARGET_NAME)";
				SWIFT_EMIT_LOC_STRINGS = NO;
				SWIFT_VERSION = 5.0;
				TARGETED_DEVICE_FAMILY = "1,2";
				TEST_HOST = "$(BUILT_PRODUCTS_DIR)/PumpTally.app/$(BUNDLE_EXECUTABLE_FOLDER_PATH)/PumpTally";
			};
			name = Debug;
		};
		B1000015296B0001 /* Release */ = {
			isa = XCBuildConfiguration;
			buildSettings = {
				BUNDLE_LOADER = "$(TEST_HOST)";
				CODE_SIGN_STYLE = Automatic;
				CURRENT_PROJECT_VERSION = 1;
				GENERATE_INFOPLIST_FILE = YES;
				IPHONEOS_DEPLOYMENT_TARGET = 17.0;
				MARKETING_VERSION = 1.0;
				PRODUCT_BUNDLE_IDENTIFIER = me.tianshilei.PumpTallyTests;
				PRODUCT_NAME = "$(TARGET_NAME)";
				SWIFT_EMIT_LOC_STRINGS = NO;
				SWIFT_VERSION = 5.0;
				TARGETED_DEVICE_FAMILY = "1,2";
				TEST_HOST = "$(BUILT_PRODUCTS_DIR)/PumpTally.app/$(BUNDLE_EXECUTABLE_FOLDER_PATH)/PumpTally";
			};
			name = Release;
		};
/* End XCBuildConfiguration section */

/* Begin XCConfigurationList section */
		A10000FB296A0001 /* Build configuration list for PBXProject "PumpTally" */ = {
			isa = XCConfigurationList;
			buildConfigurations = (
				A1000107296A0001 /* Debug */,
				A1000108296A0001 /* Release */,
			);
			defaultConfigurationIsVisible = 0;
			defaultConfigurationName = Release;
		};
		A1000109296A0001 /* Build configuration list for PBXNativeTarget "PumpTally" */ = {
			isa = XCConfigurationList;
			buildConfigurations = (
				A100010A296A0001 /* Debug */,
				A100010B296A0001 /* Release */,
			);
			defaultConfigurationIsVisible = 0;
			defaultConfigurationName = Release;
		};
		B1000010296B0001 /* Build configuration list for PBXNativeTarget "PumpTallyTests" */ = {
			isa = XCConfigurationList;
			buildConfigurations = (
				B1000014296B0001 /* Debug */,
				B1000015296B0001 /* Release */,
			);
			defaultConfigurationIsVisible = 0;
			defaultConfigurationName = Release;
		};
/* End XCConfigurationList section */
	};
	rootObject = A10000F8296A0001 /* Project object */;
}
